
Microsoft Visual Studio Solution File, Format Version 12.00
# Visual Studio Express 2013 for Windows Desktop
VisualStudioVersion = 12.0.31101.0
MinimumVisualStudioVersion = 10.0.40219.1
Project("{8BC9CEB8-8B4A-11D0-8D11-00A0C91BC942}") = "Adaptor", "Adaptor\Adaptor.vcxproj", "{3292A747-C2E3-42BA-9197-1808BCF16DDF}"
EndProject
Global
	GlobalSection(SolutionConfigurationPlatforms) = preSolution
		Debug|Win32 = Debug|Win32
		Release|Win32 = Release|Win32
	EndGlobalSection
	GlobalSection(ProjectConfigurationPlatforms) = postSolution
		{3292A747-C2E3-42BA-9197-1808BCF16DDF}.Debug|Win32.ActiveCfg = Debug|Win32
		{3292A747-C2E3-42BA-9197-1808BCF16DDF}.Debug|Win32.Build.0 = Debug|Win32
		{3292A747-C2E3-42BA-9197-1808BCF16DDF}.Release|Win32.ActiveCfg = Release|Win32
		{3292A747-C2E3-42BA-9197-1808BCF16DDF}.Release|Win32.Build.0 = Release|Win32
	EndGlobalSection
	GlobalSection(SolutionProperties) = preSolution
		HideSolutionNode = FALSE
	EndGlobalSection
EndGlobal
